
Microsoft Visual Studio Solution File, Format Version 12.00
# Visual Studio Version 17
VisualStudioVersion = 17.0.32112.339
MinimumVisualStudioVersion = 10.0.40219.1
Project("{2150E333-8FDC-42A3-9474-1A3956D46DE8}") = "src", "src", "{FE62AB11-7FA5-4AFD-B02F-669539CF18F4}"
EndProject
Project("{2150E333-8FDC-42A3-9474-1A3956D46DE8}") = "test", "test", "{A7BE2A5E-C847-47A8-944C-568DCAC80206}"
EndProject
Project("{2150E333-8FDC-42A3-9474-1A3956D46DE8}") = "API", "API", "{62720F54-D8BB-4916-BD79-396FAFC56106}"
EndProject
Project("{2150E333-8FDC-42A3-9474-1A3956D46DE8}") = "Core", "Core", "{BDD5876B-3B4B-43BB-9F21-8D875A7A11C4}"
EndProject
Project("{9A19103F-16F7-4668-BE54-9A1E7A4F7556}") = "HR.LeaveManagement.Domain", "HR.LeaveManagement.Domain\HR.LeaveManagement.Domain.csproj", "{F559D83D-C5C3-4CD2-8F9D-D3D4AA87061F}"
EndProject
Project("{9A19103F-16F7-4668-BE54-9A1E7A4F7556}") = "HR.LeaveManagement.Application", "HR.LeaveManagement.Application\HR.LeaveManagement.Application.csproj", "{405CEF0C-6CB6-4CBD-A3C3-73B4921F9FA5}"
EndProject
Project("{2150E333-8FDC-42A3-9474-1A3956D46DE8}") = "Infrastructure", "Infrastructure", "{E3CC43E8-69F6-49CF-88FB-8B219607DE74}"
EndProject
Project("{9A19103F-16F7-4668-BE54-9A1E7A4F7556}") = "HR.LeaveManagement.Identity", "HR.LeaveManagement.Identity\HR.LeaveManagement.Identity.csproj", "{42A179D4-E50A-4DF6-9B5D-67CBCD82CFE4}"
EndProject
Project("{9A19103F-16F7-4668-BE54-9A1E7A4F7556}") = "HR.LeaveManagement.Infrastructure", "HR.LeaveManagement.Infrastructure\HR.LeaveManagement.Infrastructure.csproj", "{3F3DDA35-8825-4716-8EA9-A024509AD52E}"
EndProject
Project("{9A19103F-16F7-4668-BE54-9A1E7A4F7556}") = "HR.LeaveManagement.Persistence", "HR.LeaveManagement.Persistence\HR.LeaveManagement.Persistence.csproj", "{3E7EE971-8E59-4B5B-9DE5-1EB857557FAF}"
EndProject
Project("{FAE04EC0-301F-11D3-BF4B-00C04F79EFBC}") = "HR.LeaveManagement.Api", "HR.LeaveManagement.Api\HR.LeaveManagement.Api\HR.LeaveManagement.Api\HR.LeaveManagement.Api.csproj", "{66979BDD-5A2D-4A65-98B2-8673945E45F2}"
EndProject
Project("{2150E333-8FDC-42A3-9474-1A3956D46DE8}") = "UI", "UI", "{7BB6E890-8F92-40F2-98D0-4D5845AC091E}"
EndProject
Project("{FAE04EC0-301F-11D3-BF4B-00C04F79EFBC}") = "HR.LeaveManagement.MVC", "HR.LeaveManagement.MVC\HR.LeaveManagement.MVC.csproj", "{CA61B21E-D487-4A6F-A97A-91918B81AAF5}"
EndProject
Global
	GlobalSection(SolutionConfigurationPlatforms) = preSolution
		Debug|Any CPU = Debug|Any CPU
		Release|Any CPU = Release|Any CPU
	EndGlobalSection
	GlobalSection(ProjectConfigurationPlatforms) = postSolution
		{F559D83D-C5C3-4CD2-8F9D-D3D4AA87061F}.Debug|Any CPU.ActiveCfg = Debug|Any CPU
		{F559D83D-C5C3-4CD2-8F9D-D3D4AA87061F}.Debug|Any CPU.Build.0 = Debug|Any CPU
		{F559D83D-C5C3-4CD2-8F9D-D3D4AA87061F}.Release|Any CPU.ActiveCfg = Release|Any CPU
		{F559D83D-C5C3-4CD2-8F9D-D3D4AA87061F}.Release|Any CPU.Build.0 = Release|Any CPU
		{405CEF0C-6CB6-4CBD-A3C3-73B4921F9FA5}.Debug|Any CPU.ActiveCfg = Debug|Any CPU
		{405CEF0C-6CB6-4CBD-A3C3-73B4921F9FA5}.Debug|Any CPU.Build.0 = Debug|Any CPU
		{405CEF0C-6CB6-4CBD-A3C3-73B4921F9FA5}.Release|Any CPU.ActiveCfg = Release|Any CPU
		{405CEF0C-6CB6-4CBD-A3C3-73B4921F9FA5}.Release|Any CPU.Build.0 = Release|Any CPU
		{42A179D4-E50A-4DF6-9B5D-67CBCD82CFE4}.Debug|Any CPU.ActiveCfg = Debug|Any CPU
		{42A179D4-E50A-4DF6-9B5D-67CBCD82CFE4}.Debug|Any CPU.Build.0 = Debug|Any CPU
		{42A179D4-E50A-4DF6-9B5D-67CBCD82CFE4}.Release|Any CPU.ActiveCfg = Release|Any CPU
		{42A179D4-E50A-4DF6-9B5D-67CBCD82CFE4}.Release|Any CPU.Build.0 = Release|Any CPU
		{3F3DDA35-8825-4716-8EA9-A024509AD52E}.Debug|Any CPU.ActiveCfg = Debug|Any CPU
		{3F3DDA35-8825-4716-8EA9-A024509AD52E}.Debug|Any CPU.Build.0 = Debug|Any CPU
		{3F3DDA35-8825-4716-8EA9-A024509AD52E}.Release|Any CPU.ActiveCfg = Release|Any CPU
		{3F3DDA35-8825-4716-8EA9-A024509AD52E}.Release|Any CPU.Build.0 = Release|Any CPU
		{3E7EE971-8E59-4B5B-9DE5-1EB857557FAF}.Debug|Any CPU.ActiveCfg = Debug|Any CPU
		{3E7EE971-8E59-4B5B-9DE5-1EB857557FAF}.Debug|Any CPU.Build.0 = Debug|Any CPU
		{3E7EE971-8E59-4B5B-9DE5-1EB857557FAF}.Release|Any CPU.ActiveCfg = Release|Any CPU
		{3E7EE971-8E59-4B5B-9DE5-1EB857557FAF}.Release|Any CPU.Build.0 = Release|Any CPU
		{66979BDD-5A2D-4A65-98B2-8673945E45F2}.Debug|Any CPU.ActiveCfg = Debug|Any CPU
		{66979BDD-5A2D-4A65-98B2-8673945E45F2}.Debug|Any CPU.Build.0 = Debug|Any CPU
		{66979BDD-5A2D-4A65-98B2-8673945E45F2}.Release|Any CPU.ActiveCfg = Release|Any CPU
		{66979BDD-5A2D-4A65-98B2-8673945E45F2}.Release|Any CPU.Build.0 = Release|Any CPU
		{CA61B21E-D487-4A6F-A97A-91918B81AAF5}.Debug|Any CPU.ActiveCfg = Debug|Any CPU
		{CA61B21E-D487-4A6F-A97A-91918B81AAF5}.Debug|Any CPU.Build.0 = Debug|Any CPU
		{CA61B21E-D487-4A6F-A97A-91918B81AAF5}.Release|Any CPU.ActiveCfg = Release|Any CPU
		{CA61B21E-D487-4A6F-A97A-91918B81AAF5}.Release|Any CPU.Build.0 = Release|Any CPU
	EndGlobalSection
	GlobalSection(SolutionProperties) = preSolution
		HideSolutionNode = FALSE
	EndGlobalSection
	GlobalSection(NestedProjects) = preSolution
		{62720F54-D8BB-4916-BD79-396FAFC56106} = {FE62AB11-7FA5-4AFD-B02F-669539CF18F4}
		{BDD5876B-3B4B-43BB-9F21-8D875A7A11C4} = {FE62AB11-7FA5-4AFD-B02F-669539CF18F4}
		{F559D83D-C5C3-4CD2-8F9D-D3D4AA87061F} = {BDD5876B-3B4B-43BB-9F21-8D875A7A11C4}
		{405CEF0C-6CB6-4CBD-A3C3-73B4921F9FA5} = {BDD5876B-3B4B-43BB-9F21-8D875A7A11C4}
		{E3CC43E8-69F6-49CF-88FB-8B219607DE74} = {FE62AB11-7FA5-4AFD-B02F-669539CF18F4}
		{42A179D4-E50A-4DF6-9B5D-67CBCD82CFE4} = {E3CC43E8-69F6-49CF-88FB-8B219607DE74}
		{3F3DDA35-8825-4716-8EA9-A024509AD52E} = {E3CC43E8-69F6-49CF-88FB-8B219607DE74}
		{3E7EE971-8E59-4B5B-9DE5-1EB857557FAF} = {E3CC43E8-69F6-49CF-88FB-8B219607DE74}
		{66979BDD-5A2D-4A65-98B2-8673945E45F2} = {62720F54-D8BB-4916-BD79-396FAFC56106}
		{7BB6E890-8F92-40F2-98D0-4D5845AC091E} = {FE62AB11-7FA5-4AFD-B02F-669539CF18F4}
		{CA61B21E-D487-4A6F-A97A-91918B81AAF5} = {7BB6E890-8F92-40F2-98D0-4D5845AC091E}
	EndGlobalSection
	GlobalSection(ExtensibilityGlobals) = postSolution
		SolutionGuid = {451C1531-A6F1-4CDD-A25A-32CCDCA9EC91}
	EndGlobalSection
EndGlobal
